
Microsoft Visual Studio Solution File, Format Version 12.00
# Visual Studio Version 17
VisualStudioVersion = 17.4.32916.344
MinimumVisualStudioVersion = 10.0.40219.1
Project("{FAE04EC0-301F-11D3-BF4B-00C04F79EFBC}") = "BlazorWasmGitHubPages", "BlazorWasmGitHubPages\BlazorWasmGitHubPages.csproj", "{8CDE2086-340E-44EB-867C-249AA25A1F42}"
EndProject
Global
	GlobalSection(SolutionConfigurationPlatforms) = preSolution
		Debug|Any CPU = Debug|Any CPU
		Release|Any CPU = Release|Any CPU
	EndGlobalSection
	GlobalSection(ProjectConfigurationPlatforms) = postSolution
		{8CDE2086-340E-44EB-867C-249AA25A1F42}.Debug|Any CPU.ActiveCfg = Debug|Any CPU
		{8CDE2086-340E-44EB-867C-249AA25A1F42}.Debug|Any CPU.Build.0 = Debug|Any CPU
		{8CDE2086-340E-44EB-867C-249AA25A1F42}.Release|Any CPU.ActiveCfg = Release|Any CPU
		{8CDE2086-340E-44EB-867C-249AA25A1F42}.Release|Any CPU.Build.0 = Release|Any CPU
	EndGlobalSection
	GlobalSection(SolutionProperties) = preSolution
		HideSolutionNode = FALSE
	EndGlobalSection
	GlobalSection(ExtensibilityGlobals) = postSolution
		SolutionGuid = {18A1A84D-5E11-4AEF-BCDE-48C4C88C0902}
	EndGlobalSection
EndGlobal
